
Microsoft Visual Studio Solution File, Format Version 12.00
# Visual Studio Version 17
VisualStudioVersion = 17.4.33122.133
MinimumVisualStudioVersion = 10.0.40219.1
Project("{8BC9CEB8-8B4A-11D0-8D11-00A0C91BC942}") = "CSC195", "CSC195\CSC195.vcxproj", "{2BEC9AE0-10EE-47E1-AB56-B35520A4BAFD}"
EndProject
Project("{8BC9CEB8-8B4A-11D0-8D11-00A0C91BC942}") = "01_Week", "01_Week\01_Week.vcxproj", "{B61E5F99-3407-4B11-879D-7A3B96BDB2A1}"
EndProject
Project("{8BC9CEB8-8B4A-11D0-8D11-00A0C91BC942}") = "1_3_Payrol", "1_3_Payrol\1_3_Payrol.vcxproj", "{725598A3-0947-4887-9CA3-4AE8F51C72E4}"
EndProject
Project("{8BC9CEB8-8B4A-11D0-8D11-00A0C91BC942}") = "2_1_DataType", "2_1_DataType\2_1_DataType.vcxproj", "{CD9CDCB9-C250-4BC0-81AC-D0AA382FFC09}"
EndProject
Project("{8BC9CEB8-8B4A-11D0-8D11-00A0C91BC942}") = "0_3_Week", "3_2_memory_review\3_2_memory_review.vcxproj", "{E1461D26-483D-40FA-8964-0393A080343B}"
EndProject
Project("{8BC9CEB8-8B4A-11D0-8D11-00A0C91BC942}") = "3_2_Memory", "3_2_Memory\3_2_Memory.vcxproj", "{AB9F89B0-5B05-4296-A791-BC25D8C62A21}"
EndProject
Project("{8BC9CEB8-8B4A-11D0-8D11-00A0C91BC942}") = "4_Week", "4_weak\4_weak.vcxproj", "{ED7256DD-AC72-4E81-A5B7-6A646408DD70}"
EndProject
Project("{8BC9CEB8-8B4A-11D0-8D11-00A0C91BC942}") = "07_week", "07_week\07_week.vcxproj", "{4CCB6BBD-C0E6-4344-9460-A17EA6CEF80C}"
EndProject
Project("{8BC9CEB8-8B4A-11D0-8D11-00A0C91BC942}") = "04_Week", "04_Week\04_Week\04_Week.vcxproj", "{5C3BE6BE-DB1E-446C-B5B5-2AC6C130CC67}"
EndProject
Global
	GlobalSection(SolutionConfigurationPlatforms) = preSolution
		Debug|x64 = Debug|x64
		Debug|x86 = Debug|x86
		Release|x64 = Release|x64
		Release|x86 = Release|x86
	EndGlobalSection
	GlobalSection(ProjectConfigurationPlatforms) = postSolution
		{2BEC9AE0-10EE-47E1-AB56-B35520A4BAFD}.Debug|x64.ActiveCfg = Debug|x64
		{2BEC9AE0-10EE-47E1-AB56-B35520A4BAFD}.Debug|x64.Build.0 = Debug|x64
		{2BEC9AE0-10EE-47E1-AB56-B35520A4BAFD}.Debug|x86.ActiveCfg = Debug|Win32
		{2BEC9AE0-10EE-47E1-AB56-B35520A4BAFD}.Debug|x86.Build.0 = Debug|Win32
		{2BEC9AE0-10EE-47E1-AB56-B35520A4BAFD}.Release|x64.ActiveCfg = Release|x64
		{2BEC9AE0-10EE-47E1-AB56-B35520A4BAFD}.Release|x64.Build.0 = Release|x64
		{2BEC9AE0-10EE-47E1-AB56-B35520A4BAFD}.Release|x86.ActiveCfg = Release|Win32
		{2BEC9AE0-10EE-47E1-AB56-B35520A4BAFD}.Release|x86.Build.0 = Release|Win32
		{B61E5F99-3407-4B11-879D-7A3B96BDB2A1}.Debug|x64.ActiveCfg = Debug|x64
		{B61E5F99-3407-4B11-879D-7A3B96BDB2A1}.Debug|x64.Build.0 = Debug|x64
		{B61E5F99-3407-4B11-879D-7A3B96BDB2A1}.Debug|x86.ActiveCfg = Debug|Win32
		{B61E5F99-3407-4B11-879D-7A3B96BDB2A1}.Debug|x86.Build.0 = Debug|Win32
		{B61E5F99-3407-4B11-879D-7A3B96BDB2A1}.Release|x64.ActiveCfg = Release|x64
		{B61E5F99-3407-4B11-879D-7A3B96BDB2A1}.Release|x64.Build.0 = Release|x64
		{B61E5F99-3407-4B11-879D-7A3B96BDB2A1}.Release|x86.ActiveCfg = Release|Win32
		{B61E5F99-3407-4B11-879D-7A3B96BDB2A1}.Release|x86.Build.0 = Release|Win32
		{725598A3-0947-4887-9CA3-4AE8F51C72E4}.Debug|x64.ActiveCfg = Debug|x64
		{725598A3-0947-4887-9CA3-4AE8F51C72E4}.Debug|x64.Build.0 = Debug|x64
		{725598A3-0947-4887-9CA3-4AE8F51C72E4}.Debug|x86.ActiveCfg = Debug|Win32
		{725598A3-0947-4887-9CA3-4AE8F51C72E4}.Debug|x86.Build.0 = Debug|Win32
		{725598A3-0947-4887-9CA3-4AE8F51C72E4}.Release|x64.ActiveCfg = Release|x64
		{725598A3-0947-4887-9CA3-4AE8F51C72E4}.Release|x64.Build.0 = Release|x64
		{725598A3-0947-4887-9CA3-4AE8F51C72E4}.Release|x86.ActiveCfg = Release|Win32
		{725598A3-0947-4887-9CA3-4AE8F51C72E4}.Release|x86.Build.0 = Release|Win32
		{CD9CDCB9-C250-4BC0-81AC-D0AA382FFC09}.Debug|x64.ActiveCfg = Debug|x64
		{CD9CDCB9-C250-4BC0-81AC-D0AA382FFC09}.Debug|x64.Build.0 = Debug|x64
		{CD9CDCB9-C250-4BC0-81AC-D0AA382FFC09}.Debug|x86.ActiveCfg = Debug|Win32
		{CD9CDCB9-C250-4BC0-81AC-D0AA382FFC09}.Debug|x86.Build.0 = Debug|Win32
		{CD9CDCB9-C250-4BC0-81AC-D0AA382FFC09}.Release|x64.ActiveCfg = Release|x64
		{CD9CDCB9-C250-4BC0-81AC-D0AA382FFC09}.Release|x64.Build.0 = Release|x64
		{CD9CDCB9-C250-4BC0-81AC-D0AA382FFC09}.Release|x86.ActiveCfg = Release|Win32
		{CD9CDCB9-C250-4BC0-81AC-D0AA382FFC09}.Release|x86.Build.0 = Release|Win32
		{E1461D26-483D-40FA-8964-0393A080343B}.Debug|x64.ActiveCfg = Debug|x64
		{E1461D26-483D-40FA-8964-0393A080343B}.Debug|x64.Build.0 = Debug|x64
		{E1461D26-483D-40FA-8964-0393A080343B}.Debug|x86.ActiveCfg = Debug|Win32
		{E1461D26-483D-40FA-8964-0393A080343B}.Debug|x86.Build.0 = Debug|Win32
		{E1461D26-483D-40FA-8964-0393A080343B}.Release|x64.ActiveCfg = Release|x64
		{E1461D26-483D-40FA-8964-0393A080343B}.Release|x64.Build.0 = Release|x64
		{E1461D26-483D-40FA-8964-0393A080343B}.Release|x86.ActiveCfg = Release|Win32
		{E1461D26-483D-40FA-8964-0393A080343B}.Release|x86.Build.0 = Release|Win32
		{AB9F89B0-5B05-4296-A791-BC25D8C62A21}.Debug|x64.ActiveCfg = Debug|x64
		{AB9F89B0-5B05-4296-A791-BC25D8C62A21}.Debug|x64.Build.0 = Debug|x64
		{AB9F89B0-5B05-4296-A791-BC25D8C62A21}.Debug|x86.ActiveCfg = Debug|Win32
		{AB9F89B0-5B05-4296-A791-BC25D8C62A21}.Debug|x86.Build.0 = Debug|Win32
		{AB9F89B0-5B05-4296-A791-BC25D8C62A21}.Release|x64.ActiveCfg = Release|x64
		{AB9F89B0-5B05-4296-A791-BC25D8C62A21}.Release|x64.Build.0 = Release|x64
		{AB9F89B0-5B05-4296-A791-BC25D8C62A21}.Release|x86.ActiveCfg = Release|Win32
		{AB9F89B0-5B05-4296-A791-BC25D8C62A21}.Release|x86.Build.0 = Release|Win32
		{ED7256DD-AC72-4E81-A5B7-6A646408DD70}.Debug|x64.ActiveCfg = Debug|x64
		{ED7256DD-AC72-4E81-A5B7-6A646408DD70}.Debug|x64.Build.0 = Debug|x64
		{ED7256DD-AC72-4E81-A5B7-6A646408DD70}.Debug|x86.ActiveCfg = Debug|Win32
		{ED7256DD-AC72-4E81-A5B7-6A646408DD70}.Debug|x86.Build.0 = Debug|Win32
		{ED7256DD-AC72-4E81-A5B7-6A646408DD70}.Release|x64.ActiveCfg = Release|x64
		{ED7256DD-AC72-4E81-A5B7-6A646408DD70}.Release|x64.Build.0 = Release|x64
		{ED7256DD-AC72-4E81-A5B7-6A646408DD70}.Release|x86.ActiveCfg = Release|Win32
		{ED7256DD-AC72-4E81-A5B7-6A646408DD70}.Release|x86.Build.0 = Release|Win32
		{4CCB6BBD-C0E6-4344-9460-A17EA6CEF80C}.Debug|x64.ActiveCfg = Debug|x64
		{4CCB6BBD-C0E6-4344-9460-A17EA6CEF80C}.Debug|x64.Build.0 = Debug|x64
		{4CCB6BBD-C0E6-4344-9460-A17EA6CEF80C}.Debug|x86.ActiveCfg = Debug|Win32
		{4CCB6BBD-C0E6-4344-9460-A17EA6CEF80C}.Debug|x86.Build.0 = Debug|Win32
		{4CCB6BBD-C0E6-4344-9460-A17EA6CEF80C}.Release|x64.ActiveCfg = Release|x64
		{4CCB6BBD-C0E6-4344-9460-A17EA6CEF80C}.Release|x64.Build.0 = Release|x64
		{4CCB6BBD-C0E6-4344-9460-A17EA6CEF80C}.Release|x86.ActiveCfg = Release|Win32
		{4CCB6BBD-C0E6-4344-9460-A17EA6CEF80C}.Release|x86.Build.0 = Release|Win32
		{5C3BE6BE-DB1E-446C-B5B5-2AC6C130CC67}.Debug|x64.ActiveCfg = Debug|x64
		{5C3BE6BE-DB1E-446C-B5B5-2AC6C130CC67}.Debug|x64.Build.0 = Debug|x64
		{5C3BE6BE-DB1E-446C-B5B5-2AC6C130CC67}.Debug|x86.ActiveCfg = Debug|Win32
		{5C3BE6BE-DB1E-446C-B5B5-2AC6C130CC67}.Debug|x86.Build.0 = Debug|Win32
		{5C3BE6BE-DB1E-446C-B5B5-2AC6C130CC67}.Release|x64.ActiveCfg = Release|x64
		{5C3BE6BE-DB1E-446C-B5B5-2AC6C130CC67}.Release|x64.Build.0 = Release|x64
		{5C3BE6BE-DB1E-446C-B5B5-2AC6C130CC67}.Release|x86.ActiveCfg = Release|Win32
		{5C3BE6BE-DB1E-446C-B5B5-2AC6C130CC67}.Release|x86.Build.0 = Release|Win32
	EndGlobalSection
	GlobalSection(SolutionProperties) = preSolution
		HideSolutionNode = FALSE
	EndGlobalSection
	GlobalSection(ExtensibilityGlobals) = postSolution
		SolutionGuid = {F93CAEA1-F950-4F58-94A9-ED9F32585DCE}
	EndGlobalSection
EndGlobal
